
Microsoft Visual Studio Solution File, Format Version 12.00
# Visual Studio Version 17
VisualStudioVersion = 17.11.35208.52
MinimumVisualStudioVersion = 10.0.40219.1
Project("{9A19103F-16F7-4668-BE54-9A1E7A4F7556}") = "ChatApplWithSignalR", "ChatApplWithSignalR\ChatApplWithSignalR\ChatApplWithSignalR.csproj", "{7DA6ABAF-82D3-4A01-BC0E-070E9FBBA14D}"
EndProject
Project("{9A19103F-16F7-4668-BE54-9A1E7A4F7556}") = "ChatApplWithSignalR.Client", "ChatApplWithSignalR\ChatApplWithSignalR.Client\ChatApplWithSignalR.Client.csproj", "{6CD2D6D7-5D13-42C3-8A69-57C2FA8863B1}"
EndProject
Global
	GlobalSection(SolutionConfigurationPlatforms) = preSolution
		Debug|Any CPU = Debug|Any CPU
		Release|Any CPU = Release|Any CPU
	EndGlobalSection
	GlobalSection(ProjectConfigurationPlatforms) = postSolution
		{7DA6ABAF-82D3-4A01-BC0E-070E9FBBA14D}.Debug|Any CPU.ActiveCfg = Debug|Any CPU
		{7DA6ABAF-82D3-4A01-BC0E-070E9FBBA14D}.Debug|Any CPU.Build.0 = Debug|Any CPU
		{7DA6ABAF-82D3-4A01-BC0E-070E9FBBA14D}.Release|Any CPU.ActiveCfg = Release|Any CPU
		{7DA6ABAF-82D3-4A01-BC0E-070E9FBBA14D}.Release|Any CPU.Build.0 = Release|Any CPU
		{6CD2D6D7-5D13-42C3-8A69-57C2FA8863B1}.Debug|Any CPU.ActiveCfg = Debug|Any CPU
		{6CD2D6D7-5D13-42C3-8A69-57C2FA8863B1}.Debug|Any CPU.Build.0 = Debug|Any CPU
		{6CD2D6D7-5D13-42C3-8A69-57C2FA8863B1}.Release|Any CPU.ActiveCfg = Release|Any CPU
		{6CD2D6D7-5D13-42C3-8A69-57C2FA8863B1}.Release|Any CPU.Build.0 = Release|Any CPU
	EndGlobalSection
	GlobalSection(SolutionProperties) = preSolution
		HideSolutionNode = FALSE
	EndGlobalSection
	GlobalSection(ExtensibilityGlobals) = postSolution
		SolutionGuid = {413B5AC1-6E11-43BE-8E81-33954F521B00}
	EndGlobalSection
EndGlobal
